PODS:
  - KeychainSwift (7.0.0)
  - SideMenu (2.1.5)

DEPENDENCIES:
  - KeychainSwift
  - SideMenu

SPEC CHECKSUMS:
  KeychainSwift: b6947435dd78cc442c64a84ae648dd0e871cf448
  SideMenu: bcd2d7b7d4395af088e213cebd11c3ac7d958f5a

PODFILE CHECKSUM: 78c1a155bfe1f619de829f24504bae47fe09d099

COCOAPODS: 1.2.0.beta.1
