PODS:
  - KeychainSwift (7.0.0)
  - SideMenu (2.2.0)

DEPENDENCIES:
  - KeychainSwift
  - SideMenu

SPEC CHECKSUMS:
  KeychainSwift: b6947435dd78cc442c64a84ae648dd0e871cf448
  SideMenu: eeff6b85456c5c6e14165655691d2033f6b24969

PODFILE CHECKSUM: 78c1a155bfe1f619de829f24504bae47fe09d099

COCOAPODS: 1.2.0.beta.1
